{
  "name": "cts-wesl-transpiler",
  "lockfileVersion": 3,
  "requires": true,
  "packages": {
    "": {
      "name": "cts-wesl-transpiler",
      "dependencies": {
        "wesl": "file:../../../tools/packages/wesl"
      }
    },
    "../../../../worktrees/custom-parser/tools/packages/wesl": {
      "version": "0.7.0-a1",
      "extraneous": true,
      "license": "MIT",
      "dependencies": {
        "mini-parse": "workspace:*"
      },
      "devDependencies": {
        "@types/brotli": "^1.3.4",
        "multi_pkg": "workspace:x",
        "random_wgsl": "workspace:x",
        "terser": "^5.43.1",
        "typedoc": "^0.28.7",
        "typedoc-theme-hierarchy": "^6.0.0",
        "wrangler": "^4.22.0"
      }
    },
    "../../../tools/packages/wesl": {
      "version": "0.6.48",
      "license": "MIT",
      "dependencies": {
        "mini-parse": "workspace:*"
      },
      "devDependencies": {
        "@types/brotli": "^1.3.4",
        "multi_pkg": "workspace:x",
        "random_wgsl": "workspace:x",
        "terser": "^5.43.1",
        "typedoc": "^0.28.7",
        "typedoc-theme-hierarchy": "^6.0.0",
        "wrangler": "^4.22.0"
      }
    },
    "../../../wesl-js/tools/packages/wesl": {
      "version": "0.6.46",
      "extraneous": true,
      "license": "MIT",
      "dependencies": {
        "mini-parse": "workspace:*"
      },
      "devDependencies": {
        "@types/brotli": "^1.3.4",
        "multi_pkg": "workspace:x",
        "random_wgsl": "workspace:x",
        "terser": "^5.43.1",
        "typedoc": "^0.28.7",
        "typedoc-theme-hierarchy": "^6.0.0",
        "wrangler": "^4.22.0"
      }
    },
    "../../../worktrees/custom-parser/tools/packages/wesl": {
      "version": "0.7.0-a1",
      "extraneous": true,
      "license": "MIT",
      "devDependencies": {
        "@types/brotli": "^1.3.4",
        "multi_pkg": "workspace:x",
        "random_wgsl": "workspace:x",
        "terser": "^5.43.1",
        "typedoc": "^0.28.7",
        "typedoc-theme-hierarchy": "^6.0.0",
        "wrangler": "^4.22.0"
      }
    },
    "node_modules/wesl": {
      "resolved": "../../../tools/packages/wesl",
      "link": true
    }
  }
}
